
Microsoft Visual Studio Solution File, Format Version 12.00
# Visual Studio Version 17
VisualStudioVersion = 17.7.34031.279
MinimumVisualStudioVersion = 10.0.40219.1
Project("{FAE04EC0-301F-11D3-BF4B-00C04F79EFBC}") = "Server", "ProSoft_projekat_2020_0125\Server.csproj", "{62EC0936-5CBB-49DE-A479-174B21BDC0E0}"
EndProject
Project("{FAE04EC0-301F-11D3-BF4B-00C04F79EFBC}") = "Common", "Common\Common.csproj", "{C0723CF6-75FE-4B0F-A124-0A0B4C8E75FD}"
EndProject
Project("{FAE04EC0-301F-11D3-BF4B-00C04F79EFBC}") = "DBBroker", "DBBroker\DBBroker.csproj", "{0D7498F6-CF91-48D9-9A42-A1BC012F16E3}"
EndProject
Project("{FAE04EC0-301F-11D3-BF4B-00C04F79EFBC}") = "Client", "Client\Client.csproj", "{6DD575B9-3121-4A81-8AF8-9BB59E992328}"
EndProject
Global
	GlobalSection(SolutionConfigurationPlatforms) = preSolution
		Debug|Any CPU = Debug|Any CPU
		Release|Any CPU = Release|Any CPU
	EndGlobalSection
	GlobalSection(ProjectConfigurationPlatforms) = postSolution
		{62EC0936-5CBB-49DE-A479-174B21BDC0E0}.Debug|Any CPU.ActiveCfg = Debug|Any CPU
		{62EC0936-5CBB-49DE-A479-174B21BDC0E0}.Debug|Any CPU.Build.0 = Debug|Any CPU
		{62EC0936-5CBB-49DE-A479-174B21BDC0E0}.Release|Any CPU.ActiveCfg = Release|Any CPU
		{62EC0936-5CBB-49DE-A479-174B21BDC0E0}.Release|Any CPU.Build.0 = Release|Any CPU
		{C0723CF6-75FE-4B0F-A124-0A0B4C8E75FD}.Debug|Any CPU.ActiveCfg = Debug|Any CPU
		{C0723CF6-75FE-4B0F-A124-0A0B4C8E75FD}.Debug|Any CPU.Build.0 = Debug|Any CPU
		{C0723CF6-75FE-4B0F-A124-0A0B4C8E75FD}.Release|Any CPU.ActiveCfg = Release|Any CPU
		{C0723CF6-75FE-4B0F-A124-0A0B4C8E75FD}.Release|Any CPU.Build.0 = Release|Any CPU
		{0D7498F6-CF91-48D9-9A42-A1BC012F16E3}.Debug|Any CPU.ActiveCfg = Debug|Any CPU
		{0D7498F6-CF91-48D9-9A42-A1BC012F16E3}.Debug|Any CPU.Build.0 = Debug|Any CPU
		{0D7498F6-CF91-48D9-9A42-A1BC012F16E3}.Release|Any CPU.ActiveCfg = Release|Any CPU
		{0D7498F6-CF91-48D9-9A42-A1BC012F16E3}.Release|Any CPU.Build.0 = Release|Any CPU
		{6DD575B9-3121-4A81-8AF8-9BB59E992328}.Debug|Any CPU.ActiveCfg = Debug|Any CPU
		{6DD575B9-3121-4A81-8AF8-9BB59E992328}.Debug|Any CPU.Build.0 = Debug|Any CPU
		{6DD575B9-3121-4A81-8AF8-9BB59E992328}.Release|Any CPU.ActiveCfg = Release|Any CPU
		{6DD575B9-3121-4A81-8AF8-9BB59E992328}.Release|Any CPU.Build.0 = Release|Any CPU
	EndGlobalSection
	GlobalSection(SolutionProperties) = preSolution
		HideSolutionNode = FALSE
	EndGlobalSection
	GlobalSection(ExtensibilityGlobals) = postSolution
		SolutionGuid = {4653A3E4-E938-4412-8B27-90F6F28CF0B6}
	EndGlobalSection
EndGlobal
